
Microsoft Visual Studio Solution File, Format Version 9.00
# Visual Studio 2005
Project("{8BC9CEB8-8B4A-11D0-8D11-00A0C91BC942}") = "collect", "collect\collect.vcproj", "{112AF104-77EC-4C91-88AE-E61DB1DF9678}"
EndProject
Global
	GlobalSection(SourceCodeControl) = preSolution
		SccNumberOfProjects = 2
		SccLocalPath0 = .
		SccProjectUniqueName1 = collect\\collect.vcproj
		SccLocalPath1 = .
		SccProjectFilePathRelativizedFromConnection1 = collect\\
	EndGlobalSection
	GlobalSection(SolutionConfigurationPlatforms) = preSolution
		Debug|Win32 = Debug|Win32
		Release|Win32 = Release|Win32
	EndGlobalSection
	GlobalSection(ProjectConfigurationPlatforms) = postSolution
		{112AF104-77EC-4C91-88AE-E61DB1DF9678}.Debug|Win32.ActiveCfg = Debug|Win32
		{112AF104-77EC-4C91-88AE-E61DB1DF9678}.Debug|Win32.Build.0 = Debug|Win32
		{112AF104-77EC-4C91-88AE-E61DB1DF9678}.Release|Win32.ActiveCfg = Release|Win32
		{112AF104-77EC-4C91-88AE-E61DB1DF9678}.Release|Win32.Build.0 = Release|Win32
	EndGlobalSection
	GlobalSection(SolutionProperties) = preSolution
		HideSolutionNode = FALSE
	EndGlobalSection
EndGlobal
